{
  "lockfileVersion": 1,
  "workspaces": {
    "": {
      "name": "wsdot-external-html-template",
      "dependencies": {
        "@fontsource/lato": "^5.2.7",
        "@unicorn-fail/drupal-bootstrap-styles": "0.0.2",
        "bootstrap": "^3",
        "jquery": "^3",
        "sidr": "^2.2.1",
        "tablesaw": "3.1.2",
      },
      "devDependencies": {
        "@prettier/plugin-oxc": "^0.0.4",
        "@tsconfig/bun": "^1.0.8",
        "@tsconfig/node-ts": "^23.6.1",
        "@tsconfig/node24": "^24.0.1",
        "@tsconfig/recommended": "^1.0.10",
        "@types/bun": "latest",
        "@types/jquery": "^3",
        "@types/jsdom": "^27.0.0",
        "jsdom": "^27.0.0",
        "oxlint": "^1.22.0",
        "oxlint-tsgolint": "^0.2.0",
        "prettier": "^3.6.2",
        "typescript": "~5.9.3",
        "vite": "7.1.16",
      },
    },
  },
  "overrides": {
    "vite": "npm:rolldown-vite@7.1.14",
  },
  "packages": {
    "@asamuzakjp/css-color": ["@asamuzakjp/css-color@4.0.5", "", { "dependencies": { "@csstools/css-calc": "^2.1.4", "@csstools/css-color-parser": "^3.1.0", "@csstools/css-parser-algorithms": "^3.0.5", "@csstools/css-tokenizer": "^3.0.4", "lru-cache": "^11.2.1" } }, "sha512-lMrXidNhPGsDjytDy11Vwlb6OIGrT3CmLg3VWNFyWkLWtijKl7xjvForlh8vuj0SHGjgl4qZEQzUmYTeQA2JFQ=="],

    "@asamuzakjp/dom-selector": ["@asamuzakjp/dom-selector@6.6.1", "", { "dependencies": { "@asamuzakjp/nwsapi": "^2.3.9", "bidi-js": "^1.0.3", "css-tree": "^3.1.0", "is-potential-custom-element-name": "^1.0.1", "lru-cache": "^11.2.2" } }, "sha512-8QT9pokVe1fUt1C8IrJketaeFOdRfTOS96DL3EBjE8CRZm3eHnwMlQe2NPoOSEYPwJ5Q25uYoX1+m9044l3ysQ=="],

    "@asamuzakjp/nwsapi": ["@asamuzakjp/nwsapi@2.3.9", "", {}, "sha512-n8GuYSrI9bF7FFZ/SjhwevlHc8xaVlb/7HmHelnc/PZXBD2ZR49NnN9sMMuDdEGPeeRQ5d0hqlSlEpgCX3Wl0Q=="],

    "@csstools/color-helpers": ["@csstools/color-helpers@5.1.0", "", {}, "sha512-S11EXWJyy0Mz5SYvRmY8nJYTFFd1LCNV+7cXyAgQtOOuzb4EsgfqDufL+9esx72/eLhsRdGZwaldu/h+E4t4BA=="],

    "@csstools/css-calc": ["@csstools/css-calc@2.1.4", "", { "peerDependencies": { "@csstools/css-parser-algorithms": "^3.0.5", "@csstools/css-tokenizer": "^3.0.4" } }, "sha512-3N8oaj+0juUw/1H3YwmDDJXCgTB1gKU6Hc/bB502u9zR0q2vd786XJH9QfrKIEgFlZmhZiq6epXl4rHqhzsIgQ=="],

    "@csstools/css-color-parser": ["@csstools/css-color-parser@3.1.0", "", { "dependencies": { "@csstools/color-helpers": "^5.1.0", "@csstools/css-calc": "^2.1.4" }, "peerDependencies": { "@csstools/css-parser-algorithms": "^3.0.5", "@csstools/css-tokenizer": "^3.0.4" } }, "sha512-nbtKwh3a6xNVIp/VRuXV64yTKnb1IjTAEEh3irzS+HkKjAOYLTGNb9pmVNntZ8iVBHcWDA2Dof0QtPgFI1BaTA=="],

    "@csstools/css-parser-algorithms": ["@csstools/css-parser-algorithms@3.0.5", "", { "peerDependencies": { "@csstools/css-tokenizer": "^3.0.4" } }, "sha512-DaDeUkXZKjdGhgYaHNJTV9pV7Y9B3b644jCLs9Upc3VeNGg6LWARAT6O+Q+/COo+2gg/bM5rhpMAtf70WqfBdQ=="],

    "@csstools/css-syntax-patches-for-csstree": ["@csstools/css-syntax-patches-for-csstree@1.0.14", "", { "peerDependencies": { "postcss": "^8.4" } }, "sha512-zSlIxa20WvMojjpCSy8WrNpcZ61RqfTfX3XTaOeVlGJrt/8HF3YbzgFZa01yTbT4GWQLwfTcC3EB8i3XnB647Q=="],

    "@csstools/css-tokenizer": ["@csstools/css-tokenizer@3.0.4", "", {}, "sha512-Vd/9EVDiu6PPJt9yAh6roZP6El1xHrdvIVGjyBsHR0RYwNHgL7FJPyIIW4fANJNG6FtyZfvlRPpFI4ZM/lubvw=="],

    "@emnapi/core": ["@emnapi/core@1.5.0", "", { "dependencies": { "@emnapi/wasi-threads": "1.1.0", "tslib": "^2.4.0" } }, "sha512-sbP8GzB1WDzacS8fgNPpHlp6C9VZe+SJP3F90W9rLemaQj2PzIuTEl1qDOYQf58YIpyjViI24y9aPWCjEzY2cg=="],

    "@emnapi/runtime": ["@emnapi/runtime@1.5.0", "", { "dependencies": { "tslib": "^2.4.0" } }, "sha512-97/BJ3iXHww3djw6hYIfErCZFee7qCtrneuLa20UXFCOTCfBM2cvQHjWJ2EG0s0MtdNwInarqCTz35i4wWXHsQ=="],

    "@emnapi/wasi-threads": ["@emnapi/wasi-threads@1.1.0", "", { "dependencies": { "tslib": "^2.4.0" } }, "sha512-WI0DdZ8xFSbgMjR1sFsKABJ/C5OnRrjT06JXbZKexJGrDuPTzZdDYfFlsgcCXCyf+suG5QU2e/y1Wo2V/OapLQ=="],

    "@fontsource/lato": ["@fontsource/lato@5.2.7", "", {}, "sha512-k5mum1ADbDW5cTw1Ett1eQVWeoZ6gq0ct6SFBibEhB4LRxhniChJZTBgd6ph5yBxLkN1fcnsnmicBNA4S/3nbw=="],

    "@napi-rs/wasm-runtime": ["@napi-rs/wasm-runtime@0.2.12", "", { "dependencies": { "@emnapi/core": "^1.4.3", "@emnapi/runtime": "^1.4.3", "@tybys/wasm-util": "^0.10.0" } }, "sha512-ZVWUcfwY4E/yPitQJl481FjFo3K22D6qF0DuFH6Y/nbnE11GY5uguDxZMGXPQ8WQ0128MXQD7TnfHyK4oWoIJQ=="],

    "@oxc-parser/binding-android-arm64": ["@oxc-parser/binding-android-arm64@0.74.0", "", { "os": "android", "cpu": "arm64" }, "sha512-lgq8TJq22eyfojfa2jBFy2m66ckAo7iNRYDdyn9reXYA3I6Wx7tgGWVx1JAp1lO+aUiqdqP/uPlDaETL9tqRcg=="],

    "@oxc-parser/binding-darwin-arm64": ["@oxc-parser/binding-darwin-arm64@0.74.0", "", { "os": "darwin", "cpu": "arm64" }, "sha512-xbY/io/hkARggbpYEMFX6CwFzb7f4iS6WuBoBeZtdqRWfIEi7sm/uYWXfyVeB8uqOATvJ07WRFC2upI8PSI83g=="],

    "@oxc-parser/binding-darwin-x64": ["@oxc-parser/binding-darwin-x64@0.74.0", "", { "os": "darwin", "cpu": "x64" }, "sha512-FIj2gAGtFaW0Zk+TnGyenMUoRu1ju+kJ/h71D77xc1owOItbFZFGa+4WSVck1H8rTtceeJlK+kux+vCjGFCl9Q=="],

    "@oxc-parser/binding-freebsd-x64": ["@oxc-parser/binding-freebsd-x64@0.74.0", "", { "os": "freebsd", "cpu": "x64" }, "sha512-W1I+g5TJg0TRRMHgEWNWsTIfe782V3QuaPgZxnfPNmDMywYdtlzllzclBgaDq6qzvZCCQc/UhvNb37KWTCTj8A=="],

    "@oxc-parser/binding-linux-arm-gnueabihf": ["@oxc-parser/binding-linux-arm-gnueabihf@0.74.0", "", { "os": "linux", "cpu": "arm" }, "sha512-gxqkyRGApeVI8dgvJ19SYe59XASW3uVxF1YUgkE7peW/XIg5QRAOVTFKyTjI9acYuK1MF6OJHqx30cmxmZLtiQ=="],

    "@oxc-parser/binding-linux-arm-musleabihf": ["@oxc-parser/binding-linux-arm-musleabihf@0.74.0", "", { "os": "linux", "cpu": "arm" }, "sha512-jpnAUP4Fa93VdPPDzxxBguJmldj/Gpz7wTXKFzpAueqBMfZsy9KNC+0qT2uZ9HGUDMzNuKw0Se3bPCpL/gfD2Q=="],

    "@oxc-parser/binding-linux-arm64-gnu": ["@oxc-parser/binding-linux-arm64-gnu@0.74.0", "", { "os": "linux", "cpu": "arm64" }, "sha512-fcWyM7BNfCkHqIf3kll8fJctbR/PseL4RnS2isD9Y3FFBhp4efGAzhDaxIUK5GK7kIcFh1P+puIRig8WJ6IMVQ=="],

    "@oxc-parser/binding-linux-arm64-musl": ["@oxc-parser/binding-linux-arm64-musl@0.74.0", "", { "os": "linux", "cpu": "arm64" }, "sha512-AMY30z/C77HgiRRJX7YtVUaelKq1ex0aaj28XoJu4SCezdS8i0IftUNTtGS1UzGjGZB8zQz5SFwVy4dRu4GLwg=="],

    "@oxc-parser/binding-linux-riscv64-gnu": ["@oxc-parser/binding-linux-riscv64-gnu@0.74.0", "", { "os": "linux", "cpu": "none" }, "sha512-/RZAP24TgZo4vV/01TBlzRqs0R7E6xvatww4LnmZEBBulQBU/SkypDywfriFqWuFoa61WFXPV7sLcTjJGjim/w=="],

    "@oxc-parser/binding-linux-s390x-gnu": ["@oxc-parser/binding-linux-s390x-gnu@0.74.0", "", { "os": "linux", "cpu": "s390x" }, "sha512-620J1beNAlGSPBD+Msb3ptvrwxu04B8iULCH03zlf0JSLy/5sqlD6qBs0XUVkUJv1vbakUw1gfVnUQqv0UTuEg=="],

    "@oxc-parser/binding-linux-x64-gnu": ["@oxc-parser/binding-linux-x64-gnu@0.74.0", "", { "os": "linux", "cpu": "x64" }, "sha512-WBFgQmGtFnPNzHyLKbC1wkYGaRIBxXGofO0+hz1xrrkPgbxbJS1Ukva1EB8sPaVBBQ52Bdc2GjLSp721NWRvww=="],

    "@oxc-parser/binding-linux-x64-musl": ["@oxc-parser/binding-linux-x64-musl@0.74.0", "", { "os": "linux", "cpu": "x64" }, "sha512-y4mapxi0RGqlp3t6Sm+knJlAEqdKDYrEue2LlXOka/F2i4sRN0XhEMPiSOB3ppHmvK4I2zY2XBYTsX1Fel0fAg=="],

    "@oxc-parser/binding-wasm32-wasi": ["@oxc-parser/binding-wasm32-wasi@0.74.0", "", { "dependencies": { "@napi-rs/wasm-runtime": "^0.2.11" }, "cpu": "none" }, "sha512-yDS9bRDh5ymobiS2xBmjlrGdUuU61IZoJBaJC5fELdYT5LJNBXlbr3Yc6m2PWfRJwkH6Aq5fRvxAZ4wCbkGa8w=="],

    "@oxc-parser/binding-win32-arm64-msvc": ["@oxc-parser/binding-win32-arm64-msvc@0.74.0", "", { "os": "win32", "cpu": "arm64" }, "sha512-XFWY52Rfb4N5wEbMCTSBMxRkDLGbAI9CBSL24BIDywwDJMl31gHEVlmHdCDRoXAmanCI6gwbXYTrWe0HvXJ7Aw=="],

    "@oxc-parser/binding-win32-x64-msvc": ["@oxc-parser/binding-win32-x64-msvc@0.74.0", "", { "os": "win32", "cpu": "x64" }, "sha512-1D3x6iU2apLyfTQHygbdaNbX3nZaHu4yaXpD7ilYpoLo7f0MX0tUuoDrqJyJrVGqvyXgc0uz4yXz9tH9ZZhvvg=="],

    "@oxc-project/runtime": ["@oxc-project/runtime@0.92.0", "", {}, "sha512-Z7x2dZOmznihvdvCvLKMl+nswtOSVxS2H2ocar+U9xx6iMfTp0VGIrX6a4xB1v80IwOPC7dT1LXIJrY70Xu3Jw=="],

    "@oxc-project/types": ["@oxc-project/types@0.74.0", "", {}, "sha512-KOw/RZrVlHGhCXh1RufBFF7Nuo7HdY5w1lRJukM/igIl6x9qtz8QycDvZdzb4qnHO7znrPyo2sJrFJK2eKHgfQ=="],

    "@oxlint-tsgolint/darwin-arm64": ["@oxlint-tsgolint/darwin-arm64@0.2.0", "", { "os": "darwin", "cpu": "arm64" }, "sha512-ayJO9SmiJ15oV3+svIw8bqun0ySdjiD7L+ddwNB4vOAgUX/rdX1KTBnDb/ZEk6MOFBnFgbbiEiLRJLlGtuFYVQ=="],

    "@oxlint-tsgolint/darwin-x64": ["@oxlint-tsgolint/darwin-x64@0.2.0", "", { "os": "darwin", "cpu": "x64" }, "sha512-iCrcjkqqyy3zq+yXOmNsjt/DiSU4u9yJ00hEr4oGSrrk7V0ju6eqrmsh8VGS74YLY3MCskTjeTyVDRR7huc3WQ=="],

    "@oxlint-tsgolint/linux-arm64": ["@oxlint-tsgolint/linux-arm64@0.2.0", "", { "os": "linux", "cpu": "arm64" }, "sha512-Kne4mrJGCZ0O+/ukcvWftCmDAEFUpMQ4q4wZdWVlnmNdTbtICIay3ofk/rzX0QoZmEZh0jy/G7p+5P0t9Bg5Sg=="],

    "@oxlint-tsgolint/linux-x64": ["@oxlint-tsgolint/linux-x64@0.2.0", "", { "os": "linux", "cpu": "x64" }, "sha512-DKGFSR71fnExWpJXvN32SqWuEcT1XXeI1CKpO63jgXTAUpVl9H/BXG3+gNptSoZqzqeFTj8jOgiaX6VkOABqGA=="],

    "@oxlint-tsgolint/win32-arm64": ["@oxlint-tsgolint/win32-arm64@0.2.0", "", { "os": "win32", "cpu": "arm64" }, "sha512-Grbkva1YH0eTRtv3MkVTFAycVwQSytcl8N52zNs1YresWwOlnNvNZ5EeLIaQaudcxwsbpZWR2Bdsfa467zDJTw=="],

    "@oxlint-tsgolint/win32-x64": ["@oxlint-tsgolint/win32-x64@0.2.0", "", { "os": "win32", "cpu": "x64" }, "sha512-asfPqgu7r1H8NmBNxfMpZER6WvrUTH8BDMPIcChBhrUjuSmt4UMyiyul3CEPZLPQcPlaWCeGnConTu3BabK4Fw=="],

    "@oxlint/darwin-arm64": ["@oxlint/darwin-arm64@1.22.0", "", { "os": "darwin", "cpu": "arm64" }, "sha512-vfgwTA1CowVaU3QXFBjfGjbPsHbdjAiJnWX5FBaq8uXS8tksGgl0ue14MK6fVnXncWK9j69LRnkteGTixxDAfA=="],

    "@oxlint/darwin-x64": ["@oxlint/darwin-x64@1.22.0", "", { "os": "darwin", "cpu": "x64" }, "sha512-70x7Y+e0Ddb2Cf2IZsYGnXZrnB/MZgOTi/VkyXZucbnQcpi2VoaYS4Ve662DaNkzvTxdKOGmyJVMmD/digdJLQ=="],

    "@oxlint/linux-arm64-gnu": ["@oxlint/linux-arm64-gnu@1.22.0", "", { "os": "linux", "cpu": "arm64" }, "sha512-Rv94lOyEV8WEuzhjJSpCW3DbL/tlOVizPxth1v5XAFuQdM5rgpOMs3TsAf/YFUn52/qenwVglyvQZL8oAUYlpg=="],

    "@oxlint/linux-arm64-musl": ["@oxlint/linux-arm64-musl@1.22.0", "", { "os": "linux", "cpu": "arm64" }, "sha512-Aau6V6Osoyb3SFmRejP3rRhs1qhep4aJTdotFf1RVMVSLJkF7Ir0p+eGZSaIJyylFZuCCxHpud3hWasphmZnzw=="],

    "@oxlint/linux-x64-gnu": ["@oxlint/linux-x64-gnu@1.22.0", "", { "os": "linux", "cpu": "x64" }, "sha512-6eOtv+2gHrKw/hxUkV6hJdvYhzr0Dqzb4oc7sNlWxp64jU6I19tgMwSlmtn02r34YNSn+/NpZ/ECvQrycKUUFQ=="],

    "@oxlint/linux-x64-musl": ["@oxlint/linux-x64-musl@1.22.0", "", { "os": "linux", "cpu": "x64" }, "sha512-c4O7qD7TCEfPE/FFKYvakF2sQoIP0LFZB8F5AQK4K9VYlyT1oENNRCdIiMu6irvLelOzJzkUM0XrvUCL9Kkxrw=="],

    "@oxlint/win32-arm64": ["@oxlint/win32-arm64@1.22.0", "", { "os": "win32", "cpu": "arm64" }, "sha512-6DJwF5A9VoIbSWNexLYubbuteAL23l3YN00wUL7Wt4ZfEZu2f/lWtGB9yC9BfKLXzudq8MvGkrS0szmV0bc1VQ=="],

    "@oxlint/win32-x64": ["@oxlint/win32-x64@1.22.0", "", { "os": "win32", "cpu": "x64" }, "sha512-nf8EZnIUgIrHlP9k26iOFMZZPoJG16KqZBXu5CG5YTAtVcu4CWlee9Q/cOS/rgQNGjLF+WPw8sVA5P3iGlYGQQ=="],

    "@prettier/plugin-oxc": ["@prettier/plugin-oxc@0.0.4", "", { "dependencies": { "oxc-parser": "0.74.0" } }, "sha512-UGXe+g/rSRbglL0FOJiar+a+nUrst7KaFmsg05wYbKiInGWP6eAj/f8A2Uobgo5KxEtb2X10zeflNH6RK2xeIQ=="],

    "@rolldown/binding-android-arm64": ["@rolldown/binding-android-arm64@1.0.0-beta.41", "", { "os": "android", "cpu": "arm64" }, "sha512-Edflndd9lU7JVhVIvJlZhdCj5DkhYDJPIRn4Dx0RUdfc8asP9xHOI5gMd8MesDDx+BJpdIT/uAmVTearteU/mQ=="],

    "@rolldown/binding-darwin-arm64": ["@rolldown/binding-darwin-arm64@1.0.0-beta.41", "", { "os": "darwin", "cpu": "arm64" }, "sha512-XGCzqfjdk7550PlyZRTBKbypXrB7ATtXhw/+bjtxnklLQs0mKP/XkQVOKyn9qGKSlvH8I56JLYryVxl0PCvSNw=="],

    "@rolldown/binding-darwin-x64": ["@rolldown/binding-darwin-x64@1.0.0-beta.41", "", { "os": "darwin", "cpu": "x64" }, "sha512-Ho6lIwGJed98zub7n0xcRKuEtnZgbxevAmO4x3zn3C3N4GVXZD5xvCvTVxSMoeBJwTcIYzkVDRTIhylQNsTgLQ=="],

    "@rolldown/binding-freebsd-x64": ["@rolldown/binding-freebsd-x64@1.0.0-beta.41", "", { "os": "freebsd", "cpu": "x64" }, "sha512-ijAZETywvL+gACjbT4zBnCp5ez1JhTRs6OxRN4J+D6AzDRbU2zb01Esl51RP5/8ZOlvB37xxsRQ3X4YRVyYb3g=="],

    "@rolldown/binding-linux-arm-gnueabihf": ["@rolldown/binding-linux-arm-gnueabihf@1.0.0-beta.41", "", { "os": "linux", "cpu": "arm" }, "sha512-EgIOZt7UildXKFEFvaiLNBXm+4ggQyGe3E5Z1QP9uRcJJs9omihOnm897FwOBQdCuMvI49iBgjFrkhH+wMJ2MA=="],

    "@rolldown/binding-linux-arm64-gnu": ["@rolldown/binding-linux-arm64-gnu@1.0.0-beta.41", "", { "os": "linux", "cpu": "arm64" }, "sha512-F8bUwJq8v/JAU8HSwgF4dztoqJ+FjdyjuvX4//3+Fbe2we9UktFeZ27U4lRMXF1vxWtdV4ey6oCSqI7yUrSEeg=="],

    "@rolldown/binding-linux-arm64-musl": ["@rolldown/binding-linux-arm64-musl@1.0.0-beta.41", "", { "os": "linux", "cpu": "arm64" }, "sha512-MioXcCIX/wB1pBnBoJx8q4OGucUAfC1+/X1ilKFsjDK05VwbLZGRgOVD5OJJpUQPK86DhQciNBrfOKDiatxNmg=="],

    "@rolldown/binding-linux-x64-gnu": ["@rolldown/binding-linux-x64-gnu@1.0.0-beta.41", "", { "os": "linux", "cpu": "x64" }, "sha512-m66M61fizvRCwt5pOEiZQMiwBL9/y0bwU/+Kc4Ce/Pef6YfoEkR28y+DzN9rMdjo8Z28NXjsDPq9nH4mXnAP0g=="],

    "@rolldown/binding-linux-x64-musl": ["@rolldown/binding-linux-x64-musl@1.0.0-beta.41", "", { "os": "linux", "cpu": "x64" }, "sha512-yRxlSfBvWnnfrdtJfvi9lg8xfG5mPuyoSHm0X01oiE8ArmLRvoJGHUTJydCYz+wbK2esbq5J4B4Tq9WAsOlP1Q=="],

    "@rolldown/binding-openharmony-arm64": ["@rolldown/binding-openharmony-arm64@1.0.0-beta.41", "", { "os": "none", "cpu": "arm64" }, "sha512-PHVxYhBpi8UViS3/hcvQQb9RFqCtvFmFU1PvUoTRiUdBtgHA6fONNHU4x796lgzNlVSD3DO/MZNk1s5/ozSMQg=="],

    "@rolldown/binding-wasm32-wasi": ["@rolldown/binding-wasm32-wasi@1.0.0-beta.41", "", { "dependencies": { "@napi-rs/wasm-runtime": "^1.0.5" }, "cpu": "none" }, "sha512-OAfcO37ME6GGWmj9qTaDT7jY4rM0T2z0/8ujdQIJQ2x2nl+ztO32EIwURfmXOK0U1tzkyuaKYvE34Pug/ucXlQ=="],

    "@rolldown/binding-win32-arm64-msvc": ["@rolldown/binding-win32-arm64-msvc@1.0.0-beta.41", "", { "os": "win32", "cpu": "arm64" }, "sha512-NIYGuCcuXaq5BC4Q3upbiMBvmZsTsEPG9k/8QKQdmrch+ocSy5Jv9tdpdmXJyighKqm182nh/zBt+tSJkYoNlg=="],

    "@rolldown/binding-win32-ia32-msvc": ["@rolldown/binding-win32-ia32-msvc@1.0.0-beta.41", "", { "os": "win32", "cpu": "ia32" }, "sha512-kANdsDbE5FkEOb5NrCGBJBCaZ2Sabp3D7d4PRqMYJqyLljwh9mDyYyYSv5+QNvdAmifj+f3lviNEUUuUZPEFPw=="],

    "@rolldown/binding-win32-x64-msvc": ["@rolldown/binding-win32-x64-msvc@1.0.0-beta.41", "", { "os": "win32", "cpu": "x64" }, "sha512-UlpxKmFdik0Y2VjZrgUCgoYArZJiZllXgIipdBRV1hw6uK45UbQabSTW6Kp6enuOu7vouYWftwhuxfpE8J2JAg=="],

    "@rolldown/pluginutils": ["@rolldown/pluginutils@1.0.0-beta.41", "", {}, "sha512-ycMEPrS3StOIeb87BT3/+bu+blEtyvwQ4zmo2IcJQy0Rd1DAAhKksA0iUZ3MYSpJtjlPhg0Eo6mvVS6ggPhRbw=="],

    "@tsconfig/bun": ["@tsconfig/bun@1.0.8", "", {}, "sha512-JlJaRaS4hBTypxtFe8WhnwV8blf0R+3yehLk8XuyxUYNx6VXsKCjACSCvOYEFUiqlhlBWxtYCn/zRlOb8BzBQg=="],

    "@tsconfig/node-ts": ["@tsconfig/node-ts@23.6.1", "", {}, "sha512-1E5cUp+S65pLKKI9VrGMQPWDHxOEq3dAGM2onG3fLeSRwWbylYFwhIjnzJikjSN7w2nCgwxmv8ifvUKDFkK38Q=="],

    "@tsconfig/node24": ["@tsconfig/node24@24.0.1", "", {}, "sha512-3+IXshza3bIrT0tbHBr9CixQDVf4iBf0HTR0hCYowhpLqkzJjswu3UY8aZWjRXZep31kYB+o2SQeD8KwIoUHYw=="],

    "@tsconfig/recommended": ["@tsconfig/recommended@1.0.10", "", {}, "sha512-cGvydvg03lONp5Z9yaplW493Vw9/um7k588mvDkm+VFPF2PZUVPx0uswq4PFpeEySsLbQRETrDRhzh4Dmxaslw=="],

    "@tybys/wasm-util": ["@tybys/wasm-util@0.10.1", "", { "dependencies": { "tslib": "^2.4.0" } }, "sha512-9tTaPJLSiejZKx+Bmog4uSubteqTvFrVrURwkmHixBo0G4seD0zUxp98E1DzUBJxLQ3NPwXrGKDiVjwx/DpPsg=="],

    "@types/bun": ["@types/bun@1.2.23", "", { "dependencies": { "bun-types": "1.2.23" } }, "sha512-le8ueOY5b6VKYf19xT3McVbXqLqmxzPXHsQT/q9JHgikJ2X22wyTW3g3ohz2ZMnp7dod6aduIiq8A14Xyimm0A=="],

    "@types/jquery": ["@types/jquery@3.5.33", "", { "dependencies": { "@types/sizzle": "*" } }, "sha512-SeyVJXlCZpEki5F0ghuYe+L+PprQta6nRZqhONt9F13dWBtR/ftoaIbdRQ7cis7womE+X2LKhsDdDtkkDhJS6g=="],

    "@types/jsdom": ["@types/jsdom@27.0.0", "", { "dependencies": { "@types/node": "*", "@types/tough-cookie": "*", "parse5": "^7.0.0" } }, "sha512-NZyFl/PViwKzdEkQg96gtnB8wm+1ljhdDay9ahn4hgb+SfVtPCbm3TlmDUFXTA+MGN3CijicnMhG18SI5H3rFw=="],

    "@types/node": ["@types/node@24.7.1", "", { "dependencies": { "undici-types": "~7.14.0" } }, "sha512-CmyhGZanP88uuC5GpWU9q+fI61j2SkhO3UGMUdfYRE6Bcy0ccyzn1Rqj9YAB/ZY4kOXmNf0ocah5GtphmLMP6Q=="],

    "@types/react": ["@types/react@19.2.2", "", { "dependencies": { "csstype": "^3.0.2" } }, "sha512-6mDvHUFSjyT2B2yeNx2nUgMxh9LtOWvkhIU3uePn2I2oyNymUAX1NIsdgviM4CH+JSrp2D2hsMvJOkxY+0wNRA=="],

    "@types/sizzle": ["@types/sizzle@2.3.10", "", {}, "sha512-TC0dmN0K8YcWEAEfiPi5gJP14eJe30TTGjkvek3iM/1NdHHsdCA/Td6GvNndMOo/iSnIsZ4HuuhrYPDAmbxzww=="],

    "@types/tough-cookie": ["@types/tough-cookie@4.0.5", "", {}, "sha512-/Ad8+nIOV7Rl++6f1BdKxFSMgmoqEoYbHRpPcx3JEfv8VRsQe9Z4mCXeJBzxs7mbHY/XOZZuXlRNfhpVPbs6ZA=="],

    "@unicorn-fail/drupal-bootstrap-styles": ["@unicorn-fail/drupal-bootstrap-styles@0.0.2", "", {}, "sha512-YN2ydCOzz56RZO5ExMRN7IhtKEkQpJGd0jXKsry3BWZV0HSsftX8d4ApFUHLA0APDwAqnbF1/KVfgsug75HTQg=="],

    "agent-base": ["agent-base@7.1.4", "", {}, "sha512-MnA+YT8fwfJPgBx3m60MNqakm30XOkyIoH1y6huTQvC0PwZG7ki8NacLBcrPbNoo8vEZy7Jpuk7+jMO+CUovTQ=="],

    "ansis": ["ansis@4.2.0", "", {}, "sha512-HqZ5rWlFjGiV0tDm3UxxgNRqsOTniqoKZu0pIAfh7TZQMGuZK+hH0drySty0si0QXj1ieop4+SkSfPZBPPkHig=="],

    "bidi-js": ["bidi-js@1.0.3", "", { "dependencies": { "require-from-string": "^2.0.2" } }, "sha512-RKshQI1R3YQ+n9YJz2QQ147P66ELpa1FQEg20Dk8oW9t2KgLbpDLLp9aGZ7y8WHSshDknG0bknqGw5/tyCs5tw=="],

    "bootstrap": ["bootstrap@3.4.1", "", {}, "sha512-yN5oZVmRCwe5aKwzRj6736nSmKDX7pLYwsXiCj/EYmo16hODaBiT4En5btW/jhBF/seV+XMx3aYwukYC3A49DA=="],

    "bun-types": ["bun-types@1.2.23", "", { "dependencies": { "@types/node": "*" }, "peerDependencies": { "@types/react": "^19" } }, "sha512-R9f0hKAZXgFU3mlrA0YpE/fiDvwV0FT9rORApt2aQVWSuJDzZOyB5QLc0N/4HF57CS8IXJ6+L5E4W1bW6NS2Aw=="],

    "css-tree": ["css-tree@3.1.0", "", { "dependencies": { "mdn-data": "2.12.2", "source-map-js": "^1.0.1" } }, "sha512-0eW44TGN5SQXU1mWSkKwFstI/22X2bG1nYzZTYMAWjylYURhse752YgbE4Cx46AC+bAvI+/dYTPRk1LqSUnu6w=="],

    "cssstyle": ["cssstyle@5.3.1", "", { "dependencies": { "@asamuzakjp/css-color": "^4.0.3", "@csstools/css-syntax-patches-for-csstree": "^1.0.14", "css-tree": "^3.1.0" } }, "sha512-g5PC9Aiph9eiczFpcgUhd9S4UUO3F+LHGRIi5NUMZ+4xtoIYbHNZwZnWA2JsFGe8OU8nl4WyaEFiZuGuxlutJQ=="],

    "csstype": ["csstype@3.1.3", "", {}, "sha512-M1uQkMl8rQK/szD0LNhtqxIPLpimGm8sOBwU7lLnCpSbTyY3yeU1Vc7l4KT5zT4s/yOxHH5O7tIuuLOCnLADRw=="],

    "data-urls": ["data-urls@6.0.0", "", { "dependencies": { "whatwg-mimetype": "^4.0.0", "whatwg-url": "^15.0.0" } }, "sha512-BnBS08aLUM+DKamupXs3w2tJJoqU+AkaE/+6vQxi/G/DPmIZFJJp9Dkb1kM03AZx8ADehDUZgsNxju3mPXZYIA=="],

    "debug": ["debug@4.4.3", "", { "dependencies": { "ms": "^2.1.3" } }, "sha512-RGwwWnwQvkVfavKVt22FGLw+xYSdzARwm0ru6DhTVA3umU5hZc28V3kO4stgYryrTlLpuvgI9GiijltAjNbcqA=="],

    "decimal.js": ["decimal.js@10.6.0", "", {}, "sha512-YpgQiITW3JXGntzdUmyUR1V812Hn8T1YVXhCu+wO3OpS4eU9l4YdD3qjyiKdV6mvV29zapkMeD390UVEf2lkUg=="],

    "detect-libc": ["detect-libc@2.1.2", "", {}, "sha512-Btj2BOOO83o3WyH59e8MgXsxEQVcarkUOpEYrubB0urwnN10yQ364rsiByU11nZlqWYZm05i/of7io4mzihBtQ=="],

    "entities": ["entities@6.0.1", "", {}, "sha512-aN97NXWF6AWBTahfVOIrB/NShkzi5H7F9r1s9mD3cDj4Ko5f2qhhVoYMibXF7GlLveb/D2ioWay8lxI97Ven3g=="],

    "fdir": ["fdir@6.5.0", "", { "peerDependencies": { "picomatch": "^3 || ^4" }, "optionalPeers": ["picomatch"] }, "sha512-tIbYtZbucOs0BRGqPJkshJUYdL+SDH7dVM8gjy+ERp3WAUjLEFJE+02kanyHtwjWOnwrKYBiwAmM0p4kLJAnXg=="],

    "fsevents": ["fsevents@2.3.3", "", { "os": "darwin" }, "sha512-5xoDfX+fL7faATnagmWPpbFtwh/R77WmMMqqHGS65C3vvB0YHrgF+B1YmZ3441tMj5n63k0212XNoJwzlhffQw=="],

    "html-encoding-sniffer": ["html-encoding-sniffer@4.0.0", "", { "dependencies": { "whatwg-encoding": "^3.1.1" } }, "sha512-Y22oTqIU4uuPgEemfz7NDJz6OeKf12Lsu+QC+s3BVpda64lTiMYCyGwg5ki4vFxkMwQdeZDl2adZoqUgdFuTgQ=="],

    "http-proxy-agent": ["http-proxy-agent@7.0.2", "", { "dependencies": { "agent-base": "^7.1.0", "debug": "^4.3.4" } }, "sha512-T1gkAiYYDWYx3V5Bmyu7HcfcvL7mUrTWiM6yOfa3PIphViJ/gFPbvidQ+veqSOHci/PxBcDabeUNCzpOODJZig=="],

    "https-proxy-agent": ["https-proxy-agent@7.0.6", "", { "dependencies": { "agent-base": "^7.1.2", "debug": "4" } }, "sha512-vK9P5/iUfdl95AI+JVyUuIcVtd4ofvtrOr3HNtM2yxC9bnMbEdp3x01OhQNnjb8IJYi38VlTE3mBXwcfvywuSw=="],

    "iconv-lite": ["iconv-lite@0.6.3", "", { "dependencies": { "safer-buffer": ">= 2.1.2 < 3.0.0" } }, "sha512-4fCk79wshMdzMp2rH06qWrJE4iolqLhCUH+OiuIgU++RB0+94NlDL81atO7GX55uUKueo0txHNtvEyI6D7WdMw=="],

    "is-potential-custom-element-name": ["is-potential-custom-element-name@1.0.1", "", {}, "sha512-bCYeRA2rVibKZd+s2625gGnGF/t7DSqDs4dP7CrLA1m7jKWz6pps0LpYLJN8Q64HtmPKJ1hrN3nzPNKFEKOUiQ=="],

    "javascript-natural-sort": ["javascript-natural-sort@0.7.1", "", {}, "sha512-nO6jcEfZWQXDhOiBtG2KvKyEptz7RVbpGP4vTD2hLBdmNQSsCiicO2Ioinv6UI4y9ukqnBpy+XZ9H6uLNgJTlw=="],

    "jquery": ["jquery@3.7.1", "", {}, "sha512-m4avr8yL8kmFN8psrbFFFmB/If14iN5o9nw/NgnnM+kybDJpRsAynV2BsfpTYrTRysYUdADVD7CkUUizgkpLfg=="],

    "jsdom": ["jsdom@27.0.0", "", { "dependencies": { "@asamuzakjp/dom-selector": "^6.5.4", "cssstyle": "^5.3.0", "data-urls": "^6.0.0", "decimal.js": "^10.5.0", "html-encoding-sniffer": "^4.0.0", "http-proxy-agent": "^7.0.2", "https-proxy-agent": "^7.0.6", "is-potential-custom-element-name": "^1.0.1", "parse5": "^7.3.0", "rrweb-cssom": "^0.8.0", "saxes": "^6.0.0", "symbol-tree": "^3.2.4", "tough-cookie": "^6.0.0", "w3c-xmlserializer": "^5.0.0", "webidl-conversions": "^8.0.0", "whatwg-encoding": "^3.1.1", "whatwg-mimetype": "^4.0.0", "whatwg-url": "^15.0.0", "ws": "^8.18.2", "xml-name-validator": "^5.0.0" }, "peerDependencies": { "canvas": "^3.0.0" }, "optionalPeers": ["canvas"] }, "sha512-lIHeR1qlIRrIN5VMccd8tI2Sgw6ieYXSVktcSHaNe3Z5nE/tcPQYQWOq00wxMvYOsz+73eAkNenVvmPC6bba9A=="],

    "lightningcss": ["lightningcss@1.30.2", "", { "dependencies": { "detect-libc": "^2.0.3" }, "optionalDependencies": { "lightningcss-android-arm64": "1.30.2", "lightningcss-darwin-arm64": "1.30.2", "lightningcss-darwin-x64": "1.30.2", "lightningcss-freebsd-x64": "1.30.2", "lightningcss-linux-arm-gnueabihf": "1.30.2", "lightningcss-linux-arm64-gnu": "1.30.2", "lightningcss-linux-arm64-musl": "1.30.2", "lightningcss-linux-x64-gnu": "1.30.2", "lightningcss-linux-x64-musl": "1.30.2", "lightningcss-win32-arm64-msvc": "1.30.2", "lightningcss-win32-x64-msvc": "1.30.2" } }, "sha512-utfs7Pr5uJyyvDETitgsaqSyjCb2qNRAtuqUeWIAKztsOYdcACf2KtARYXg2pSvhkt+9NfoaNY7fxjl6nuMjIQ=="],

    "lightningcss-android-arm64": ["lightningcss-android-arm64@1.30.2", "", { "os": "android", "cpu": "arm64" }, "sha512-BH9sEdOCahSgmkVhBLeU7Hc9DWeZ1Eb6wNS6Da8igvUwAe0sqROHddIlvU06q3WyXVEOYDZ6ykBZQnjTbmo4+A=="],

    "lightningcss-darwin-arm64": ["lightningcss-darwin-arm64@1.30.2", "", { "os": "darwin", "cpu": "arm64" }, "sha512-ylTcDJBN3Hp21TdhRT5zBOIi73P6/W0qwvlFEk22fkdXchtNTOU4Qc37SkzV+EKYxLouZ6M4LG9NfZ1qkhhBWA=="],

    "lightningcss-darwin-x64": ["lightningcss-darwin-x64@1.30.2", "", { "os": "darwin", "cpu": "x64" }, "sha512-oBZgKchomuDYxr7ilwLcyms6BCyLn0z8J0+ZZmfpjwg9fRVZIR5/GMXd7r9RH94iDhld3UmSjBM6nXWM2TfZTQ=="],

    "lightningcss-freebsd-x64": ["lightningcss-freebsd-x64@1.30.2", "", { "os": "freebsd", "cpu": "x64" }, "sha512-c2bH6xTrf4BDpK8MoGG4Bd6zAMZDAXS569UxCAGcA7IKbHNMlhGQ89eRmvpIUGfKWNVdbhSbkQaWhEoMGmGslA=="],

    "lightningcss-linux-arm-gnueabihf": ["lightningcss-linux-arm-gnueabihf@1.30.2", "", { "os": "linux", "cpu": "arm" }, "sha512-eVdpxh4wYcm0PofJIZVuYuLiqBIakQ9uFZmipf6LF/HRj5Bgm0eb3qL/mr1smyXIS1twwOxNWndd8z0E374hiA=="],

    "lightningcss-linux-arm64-gnu": ["lightningcss-linux-arm64-gnu@1.30.2", "", { "os": "linux", "cpu": "arm64" }, "sha512-UK65WJAbwIJbiBFXpxrbTNArtfuznvxAJw4Q2ZGlU8kPeDIWEX1dg3rn2veBVUylA2Ezg89ktszWbaQnxD/e3A=="],

    "lightningcss-linux-arm64-musl": ["lightningcss-linux-arm64-musl@1.30.2", "", { "os": "linux", "cpu": "arm64" }, "sha512-5Vh9dGeblpTxWHpOx8iauV02popZDsCYMPIgiuw97OJ5uaDsL86cnqSFs5LZkG3ghHoX5isLgWzMs+eD1YzrnA=="],

    "lightningcss-linux-x64-gnu": ["lightningcss-linux-x64-gnu@1.30.2", "", { "os": "linux", "cpu": "x64" }, "sha512-Cfd46gdmj1vQ+lR6VRTTadNHu6ALuw2pKR9lYq4FnhvgBc4zWY1EtZcAc6EffShbb1MFrIPfLDXD6Xprbnni4w=="],

    "lightningcss-linux-x64-musl": ["lightningcss-linux-x64-musl@1.30.2", "", { "os": "linux", "cpu": "x64" }, "sha512-XJaLUUFXb6/QG2lGIW6aIk6jKdtjtcffUT0NKvIqhSBY3hh9Ch+1LCeH80dR9q9LBjG3ewbDjnumefsLsP6aiA=="],

    "lightningcss-win32-arm64-msvc": ["lightningcss-win32-arm64-msvc@1.30.2", "", { "os": "win32", "cpu": "arm64" }, "sha512-FZn+vaj7zLv//D/192WFFVA0RgHawIcHqLX9xuWiQt7P0PtdFEVaxgF9rjM/IRYHQXNnk61/H/gb2Ei+kUQ4xQ=="],

    "lightningcss-win32-x64-msvc": ["lightningcss-win32-x64-msvc@1.30.2", "", { "os": "win32", "cpu": "x64" }, "sha512-5g1yc73p+iAkid5phb4oVFMB45417DkRevRbt/El/gKXJk4jid+vPFF/AXbxn05Aky8PapwzZrdJShv5C0avjw=="],

    "lru-cache": ["lru-cache@11.2.2", "", {}, "sha512-F9ODfyqML2coTIsQpSkRHnLSZMtkU8Q+mSfcaIyKwy58u+8k5nvAYeiNhsyMARvzNcXJ9QfWVrcPsC9e9rAxtg=="],

    "mdn-data": ["mdn-data@2.12.2", "", {}, "sha512-IEn+pegP1aManZuckezWCO+XZQDplx1366JoVhTpMpBB1sPey/SbveZQUosKiKiGYjg1wH4pMlNgXbCiYgihQA=="],

    "ms": ["ms@2.1.3", "", {}, "sha512-6FlzubTLZG3J2a/NVCAleEhjzq5oxgHyaCU9yYXvcLsvoVaHJq/s5xXI6/XXP6tz7R9xAOtHnSO/tXtF3WRTlA=="],

    "nanoid": ["nanoid@3.3.11", "", { "bin": { "nanoid": "bin/nanoid.cjs" } }, "sha512-N8SpfPUnUp1bK+PMYW8qSWdl9U+wwNWI4QKxOYDy9JAro3WMX7p2OeVRF9v+347pnakNevPmiHhNmZ2HbFA76w=="],

    "oxc-parser": ["oxc-parser@0.74.0", "", { "dependencies": { "@oxc-project/types": "^0.74.0" }, "optionalDependencies": { "@oxc-parser/binding-android-arm64": "0.74.0", "@oxc-parser/binding-darwin-arm64": "0.74.0", "@oxc-parser/binding-darwin-x64": "0.74.0", "@oxc-parser/binding-freebsd-x64": "0.74.0", "@oxc-parser/binding-linux-arm-gnueabihf": "0.74.0", "@oxc-parser/binding-linux-arm-musleabihf": "0.74.0", "@oxc-parser/binding-linux-arm64-gnu": "0.74.0", "@oxc-parser/binding-linux-arm64-musl": "0.74.0", "@oxc-parser/binding-linux-riscv64-gnu": "0.74.0", "@oxc-parser/binding-linux-s390x-gnu": "0.74.0", "@oxc-parser/binding-linux-x64-gnu": "0.74.0", "@oxc-parser/binding-linux-x64-musl": "0.74.0", "@oxc-parser/binding-wasm32-wasi": "0.74.0", "@oxc-parser/binding-win32-arm64-msvc": "0.74.0", "@oxc-parser/binding-win32-x64-msvc": "0.74.0" } }, "sha512-2tDN/ttU8WE6oFh8EzKNam7KE7ZXSG5uXmvX85iNzxdJfMssDWcj3gpYzZi1E04XuE7m3v1dVWl/8BE886vPGw=="],

    "oxlint": ["oxlint@1.22.0", "", { "optionalDependencies": { "@oxlint/darwin-arm64": "1.22.0", "@oxlint/darwin-x64": "1.22.0", "@oxlint/linux-arm64-gnu": "1.22.0", "@oxlint/linux-arm64-musl": "1.22.0", "@oxlint/linux-x64-gnu": "1.22.0", "@oxlint/linux-x64-musl": "1.22.0", "@oxlint/win32-arm64": "1.22.0", "@oxlint/win32-x64": "1.22.0" }, "peerDependencies": { "oxlint-tsgolint": ">=0.2.0" }, "optionalPeers": ["oxlint-tsgolint"], "bin": { "oxlint": "bin/oxlint", "oxc_language_server": "bin/oxc_language_server" } }, "sha512-/HYT1Cfanveim9QUM6KlPKJe9y+WPnh3SxIB7z1InWnag9S0nzxLaWEUiW1P4UGzh/No3KvtNmBv2IOiwAl2/w=="],

    "oxlint-tsgolint": ["oxlint-tsgolint@0.2.0", "", { "optionalDependencies": { "@oxlint-tsgolint/darwin-arm64": "0.2.0", "@oxlint-tsgolint/darwin-x64": "0.2.0", "@oxlint-tsgolint/linux-arm64": "0.2.0", "@oxlint-tsgolint/linux-x64": "0.2.0", "@oxlint-tsgolint/win32-arm64": "0.2.0", "@oxlint-tsgolint/win32-x64": "0.2.0" }, "bin": { "tsgolint": "bin/tsgolint.js" } }, "sha512-37Hy+FT1sz8hHUo31JIgFDA8NcFndexrg5okutWRPXNejJwB9hKN+pyInaQQIv4XDsgNcQsSR2VJoq99eaGk9g=="],

    "parse5": ["parse5@7.3.0", "", { "dependencies": { "entities": "^6.0.0" } }, "sha512-IInvU7fabl34qmi9gY8XOVxhYyMyuH2xUNpb2q8/Y+7552KlejkRvqvD19nMoUW/uQGGbqNpA6Tufu5FL5BZgw=="],

    "picocolors": ["picocolors@1.1.1", "", {}, "sha512-xceH2snhtb5M9liqDsmEw56le376mTZkEX/jEb/RxNFyegNul7eNslCXP9FDj/Lcu0X8KEyMceP2ntpaHrDEVA=="],

    "picomatch": ["picomatch@4.0.3", "", {}, "sha512-5gTmgEY/sqK6gFXLIsQNH19lWb4ebPDLA4SdLP7dsWkIXHWlG66oPuVvXSGFPppYZz8ZDZq0dYYrbHfBCVUb1Q=="],

    "postcss": ["postcss@8.5.6", "", { "dependencies": { "nanoid": "^3.3.11", "picocolors": "^1.1.1", "source-map-js": "^1.2.1" } }, "sha512-3Ybi1tAuwAP9s0r1UQ2J4n5Y0G05bJkpUIO0/bI9MhwmD70S5aTWbXGBwxHrelT+XM1k6dM0pk+SwNkpTRN7Pg=="],

    "prettier": ["prettier@3.6.2", "", { "bin": { "prettier": "bin/prettier.cjs" } }, "sha512-I7AIg5boAr5R0FFtJ6rCfD+LFsWHp81dolrFD8S79U9tb8Az2nGrJncnMSnys+bpQJfRUzqs9hnA81OAA3hCuQ=="],

    "punycode": ["punycode@2.3.1", "", {}, "sha512-vYt7UD1U9Wg6138shLtLOvdAu+8DsC/ilFtEVHcH+wydcSpNE20AfSOduf6MkRFahL5FY7X1oU7nKVZFtfq8Fg=="],

    "require-from-string": ["require-from-string@2.0.2", "", {}, "sha512-Xf0nWe6RseziFMu+Ap9biiUbmplq6S9/p+7w7YXP/JBHhrUDDUhwa+vANyubuqfZWTveU//DYVGsDG7RKL/vEw=="],

    "rolldown": ["rolldown@1.0.0-beta.41", "", { "dependencies": { "@oxc-project/types": "=0.93.0", "@rolldown/pluginutils": "1.0.0-beta.41", "ansis": "=4.2.0" }, "optionalDependencies": { "@rolldown/binding-android-arm64": "1.0.0-beta.41", "@rolldown/binding-darwin-arm64": "1.0.0-beta.41", "@rolldown/binding-darwin-x64": "1.0.0-beta.41", "@rolldown/binding-freebsd-x64": "1.0.0-beta.41", "@rolldown/binding-linux-arm-gnueabihf": "1.0.0-beta.41", "@rolldown/binding-linux-arm64-gnu": "1.0.0-beta.41", "@rolldown/binding-linux-arm64-musl": "1.0.0-beta.41", "@rolldown/binding-linux-x64-gnu": "1.0.0-beta.41", "@rolldown/binding-linux-x64-musl": "1.0.0-beta.41", "@rolldown/binding-openharmony-arm64": "1.0.0-beta.41", "@rolldown/binding-wasm32-wasi": "1.0.0-beta.41", "@rolldown/binding-win32-arm64-msvc": "1.0.0-beta.41", "@rolldown/binding-win32-ia32-msvc": "1.0.0-beta.41", "@rolldown/binding-win32-x64-msvc": "1.0.0-beta.41" }, "bin": { "rolldown": "bin/cli.mjs" } }, "sha512-U+NPR0Bkg3wm61dteD2L4nAM1U9dtaqVrpDXwC36IKRHpEO/Ubpid4Nijpa2imPchcVNHfxVFwSSMJdwdGFUbg=="],

    "rrweb-cssom": ["rrweb-cssom@0.8.0", "", {}, "sha512-guoltQEx+9aMf2gDZ0s62EcV8lsXR+0w8915TC3ITdn2YueuNjdAYh/levpU9nFaoChh9RUS5ZdQMrKfVEN9tw=="],

    "safer-buffer": ["safer-buffer@2.1.2", "", {}, "sha512-YZo3K82SD7Riyi0E1EQPojLz7kpepnSQI9IyPbHHg1XXXevb5dJI7tpyN2ADxGcQbHG7vcyRHk0cbwqcQriUtg=="],

    "saxes": ["saxes@6.0.0", "", { "dependencies": { "xmlchars": "^2.2.0" } }, "sha512-xAg7SOnEhrm5zI3puOOKyy1OMcMlIJZYNJY7xLBwSze0UjhPLnWfj2GF2EpT0jmzaJKIWKHLsaSSajf35bcYnA=="],

    "shoestring": ["shoestring@2.0.1", "", {}, "sha512-F2jX6NN5OtZLzmt2Pnsfr4YZf7+H+3oZMTgRubtcS9Q+RuH0jZZASNsHkbrosX3GlHHfCF6QJgih+pxEY/pXhQ=="],

    "sidr": ["sidr@2.2.1", "", { "dependencies": { "jquery": ">=1.4.3" } }, "sha512-9YCq5/pRcgiIcFfxVY1NbUwbqp2G+32dph7+vYvdR/LjBPRaMAJZWm/vC4h533bYcPrYBXL39YoF5nfHjPDAWg=="],

    "source-map-js": ["source-map-js@1.2.1", "", {}, "sha512-UXWMKhLOwVKb728IUtQPXxfYU+usdybtUrK/8uGE8CQMvrhOpwvzDBwj0QhSL7MQc7vIsISBG8VQ8+IDQxpfQA=="],

    "symbol-tree": ["symbol-tree@3.2.4", "", {}, "sha512-9QNk5KwDF+Bvz+PyObkmSYjI5ksVUYtjW7AU22r2NKcfLJcXp96hkDWU3+XndOsUb+AQ9QhfzfCT2O+CNWT5Tw=="],

    "tablesaw": ["tablesaw@3.1.2", "", { "dependencies": { "shoestring": "^2.0.0" }, "optionalDependencies": { "javascript-natural-sort": "^0.7.1" } }, "sha512-TiFLcAaeM1OUysVO90nK2gMhFC/dukSt/RAFD3YkvawPyH6f/TGxPpvEe58vE/HM4iJlsvFMSoLJ5D600RtHrw=="],

    "tinyglobby": ["tinyglobby@0.2.15", "", { "dependencies": { "fdir": "^6.5.0", "picomatch": "^4.0.3" } }, "sha512-j2Zq4NyQYG5XMST4cbs02Ak8iJUdxRM0XI5QyxXuZOzKOINmWurp3smXu3y5wDcJrptwpSjgXHzIQxR0omXljQ=="],

    "tldts": ["tldts@7.0.17", "", { "dependencies": { "tldts-core": "^7.0.17" }, "bin": { "tldts": "bin/cli.js" } }, "sha512-Y1KQBgDd/NUc+LfOtKS6mNsC9CCaH+m2P1RoIZy7RAPo3C3/t8X45+zgut31cRZtZ3xKPjfn3TkGTrctC2TQIQ=="],

    "tldts-core": ["tldts-core@7.0.17", "", {}, "sha512-DieYoGrP78PWKsrXr8MZwtQ7GLCUeLxihtjC1jZsW1DnvSMdKPitJSe8OSYDM2u5H6g3kWJZpePqkp43TfLh0g=="],

    "tough-cookie": ["tough-cookie@6.0.0", "", { "dependencies": { "tldts": "^7.0.5" } }, "sha512-kXuRi1mtaKMrsLUxz3sQYvVl37B0Ns6MzfrtV5DvJceE9bPyspOqk9xxv7XbZWcfLWbFmm997vl83qUWVJA64w=="],

    "tr46": ["tr46@6.0.0", "", { "dependencies": { "punycode": "^2.3.1" } }, "sha512-bLVMLPtstlZ4iMQHpFHTR7GAGj2jxi8Dg0s2h2MafAE4uSWF98FC/3MomU51iQAMf8/qDUbKWf5GxuvvVcXEhw=="],

    "tslib": ["tslib@2.8.1", "", {}, "sha512-oJFu94HQb+KVduSUQL7wnpmqnfmLsOA/nAh6b6EH0wCEoK0/mPeXU6c3wKDV83MkOuHPRHtSXKKU99IBazS/2w=="],

    "typescript": ["typescript@5.9.3", "", { "bin": { "tsc": "bin/tsc", "tsserver": "bin/tsserver" } }, "sha512-jl1vZzPDinLr9eUt3J/t7V6FgNEw9QjvBPdysz9KfQDD41fQrC2Y4vKQdiaUpFT4bXlb1RHhLpp8wtm6M5TgSw=="],

    "undici-types": ["undici-types@7.14.0", "", {}, "sha512-QQiYxHuyZ9gQUIrmPo3IA+hUl4KYk8uSA7cHrcKd/l3p1OTpZcM0Tbp9x7FAtXdAYhlasd60ncPpgu6ihG6TOA=="],

    "vite": ["rolldown-vite@7.1.14", "", { "dependencies": { "@oxc-project/runtime": "0.92.0", "fdir": "^6.5.0", "lightningcss": "^1.30.1", "picomatch": "^4.0.3", "postcss": "^8.5.6", "rolldown": "1.0.0-beta.41", "tinyglobby": "^0.2.15" }, "optionalDependencies": { "fsevents": "~2.3.3" }, "peerDependencies": { "@types/node": "^20.19.0 || >=22.12.0", "esbuild": "^0.25.0", "jiti": ">=1.21.0", "less": "^4.0.0", "sass": "^1.70.0", "sass-embedded": "^1.70.0", "stylus": ">=0.54.8", "sugarss": "^5.0.0", "terser": "^5.16.0", "tsx": "^4.8.1", "yaml": "^2.4.2" }, "optionalPeers": ["@types/node", "esbuild", "jiti", "less", "sass", "sass-embedded", "stylus", "sugarss", "terser", "tsx", "yaml"], "bin": { "vite": "bin/vite.js" } }, "sha512-eSiiRJmovt8qDJkGyZuLnbxAOAdie6NCmmd0NkTC0RJI9duiSBTfr8X2mBYJOUFzxQa2USaHmL99J9uMxkjCyw=="],

    "w3c-xmlserializer": ["w3c-xmlserializer@5.0.0", "", { "dependencies": { "xml-name-validator": "^5.0.0" } }, "sha512-o8qghlI8NZHU1lLPrpi2+Uq7abh4GGPpYANlalzWxyWteJOCsr/P+oPBA49TOLu5FTZO4d3F9MnWJfiMo4BkmA=="],

    "webidl-conversions": ["webidl-conversions@8.0.0", "", {}, "sha512-n4W4YFyz5JzOfQeA8oN7dUYpR+MBP3PIUsn2jLjWXwK5ASUzt0Jc/A5sAUZoCYFJRGF0FBKJ+1JjN43rNdsQzA=="],

    "whatwg-encoding": ["whatwg-encoding@3.1.1", "", { "dependencies": { "iconv-lite": "0.6.3" } }, "sha512-6qN4hJdMwfYBtE3YBTTHhoeuUrDBPZmbQaxWAqSALV/MeEnR5z1xd8UKud2RAkFoPkmB+hli1TZSnyi84xz1vQ=="],

    "whatwg-mimetype": ["whatwg-mimetype@4.0.0", "", {}, "sha512-QaKxh0eNIi2mE9p2vEdzfagOKHCcj1pJ56EEHGQOVxp8r9/iszLUUV7v89x9O1p/T+NlTM5W7jW6+cz4Fq1YVg=="],

    "whatwg-url": ["whatwg-url@15.1.0", "", { "dependencies": { "tr46": "^6.0.0", "webidl-conversions": "^8.0.0" } }, "sha512-2ytDk0kiEj/yu90JOAp44PVPUkO9+jVhyf+SybKlRHSDlvOOZhdPIrr7xTH64l4WixO2cP+wQIcgujkGBPPz6g=="],

    "ws": ["ws@8.18.3", "", { "peerDependencies": { "bufferutil": "^4.0.1", "utf-8-validate": ">=5.0.2" }, "optionalPeers": ["bufferutil", "utf-8-validate"] }, "sha512-PEIGCY5tSlUt50cqyMXfCzX+oOPqN0vuGqWzbcJ2xvnkzkq46oOpz7dQaTDBdfICb4N14+GARUDw2XV2N4tvzg=="],

    "xml-name-validator": ["xml-name-validator@5.0.0", "", {}, "sha512-EvGK8EJ3DhaHfbRlETOWAS5pO9MZITeauHKJyb8wyajUfQUenkIg2MvLDTZ4T/TgIcm3HU0TFBgWWboAZ30UHg=="],

    "xmlchars": ["xmlchars@2.2.0", "", {}, "sha512-JZnDKK8B0RCDw84FNdDAIpZK+JuJw+s7Lz8nksI7SIuU3UXJJslUthsi+uWBUYOwPFwW7W7PRLRfUKpxjtjFCw=="],

    "@rolldown/binding-wasm32-wasi/@napi-rs/wasm-runtime": ["@napi-rs/wasm-runtime@1.0.6", "", { "dependencies": { "@emnapi/core": "^1.5.0", "@emnapi/runtime": "^1.5.0", "@tybys/wasm-util": "^0.10.1" } }, "sha512-DXj75ewm11LIWUk198QSKUTxjyRjsBwk09MuMk5DGK+GDUtyPhhEHOGP/Xwwj3DjQXXkivoBirmOnKrLfc0+9g=="],

    "rolldown/@oxc-project/types": ["@oxc-project/types@0.93.0", "", {}, "sha512-yNtwmWZIBtJsMr5TEfoZFDxIWV6OdScOpza/f5YxbqUMJk+j6QX3Cf3jgZShGEFYWQJ5j9mJ6jM0tZHu2J9Yrg=="],
  }
}
